{
  "version": "2",
  "remote": {
    "https://cdn.skypack.dev/-/ky@v0.33.2-67oCHrr62r42dS7QoL4M/dist=es2019,mode=imports/optimized/ky.js": "15bc03b42f0c99e6c37be48f35bf53315ff75e3650636e96d41f664ffec9efd4",
    "https://cdn.skypack.dev/-/ky@v0.33.2-67oCHrr62r42dS7QoL4M/dist=es2019,mode=types/distribution/core/constants.d.ts": "9c23fb2acd5ed818c950c6802b22cafde46f1cd6217898ca4f0f726558576f48",
    "https://cdn.skypack.dev/-/ky@v0.33.2-67oCHrr62r42dS7QoL4M/dist=es2019,mode=types/distribution/errors/HTTPError.d.ts": "bec5524c0d8addd2e4d678b14434976fad37b83bacffa3ae65d14afe71a76e83",
    "https://cdn.skypack.dev/-/ky@v0.33.2-67oCHrr62r42dS7QoL4M/dist=es2019,mode=types/distribution/errors/TimeoutError.d.ts": "162f748e98203b829d8505f499c99ee0fc2200c11f3743d0e7124e7bf8ca253c",
    "https://cdn.skypack.dev/-/ky@v0.33.2-67oCHrr62r42dS7QoL4M/dist=es2019,mode=types/distribution/index.d.ts": "0831a6c6e34603bbb7a09b1bbef5cbe3ad0ac46e62e44a0e63fcbfdeaae2a77c",
    "https://cdn.skypack.dev/-/ky@v0.33.2-67oCHrr62r42dS7QoL4M/dist=es2019,mode=types/distribution/types/ResponsePromise.d.ts": "b038f6f19c25ffb29ef3d8a89dc78fb69a03fdf7438e4b14e45ec5390b2039bc",
    "https://cdn.skypack.dev/-/ky@v0.33.2-67oCHrr62r42dS7QoL4M/dist=es2019,mode=types/distribution/types/common.d.ts": "20fcb118bebfb69ca52595ac4f0dd500fe457a5cedb0a4186a3b09cb20aad7c7",
    "https://cdn.skypack.dev/-/ky@v0.33.2-67oCHrr62r42dS7QoL4M/dist=es2019,mode=types/distribution/types/hooks.d.ts": "5654d6c3b3540f3768c8c8dd125c3bd6c44b03f70f6ddc1212a2cd3edb1f8039",
    "https://cdn.skypack.dev/-/ky@v0.33.2-67oCHrr62r42dS7QoL4M/dist=es2019,mode=types/distribution/types/ky.d.ts": "e2d296326628fde655ead9f8dd32c87ecc32b84f11511e7b4b7c3a778ba63d5a",
    "https://cdn.skypack.dev/-/ky@v0.33.2-67oCHrr62r42dS7QoL4M/dist=es2019,mode=types/distribution/types/options.d.ts": "e6e61aafb3d056346f0bfca0d71495a0a8b397937e01f94b83bc6e0e2d4210b3",
    "https://cdn.skypack.dev/-/ky@v0.33.2-67oCHrr62r42dS7QoL4M/dist=es2019,mode=types/distribution/types/response.d.ts": "fd7cdcf4a60ac72826774dddc27878b62ab87f74e574dfaa6a8818458f0f505d",
    "https://cdn.skypack.dev/-/ky@v0.33.2-67oCHrr62r42dS7QoL4M/dist=es2019,mode=types/distribution/types/retry.d.ts": "96a0e14854cadd119faac1df7e4fa92ddb0a6119fa7535b5a9b08903ecc4cf52",
    "https://cdn.skypack.dev/ky?dts": "2eb19bcf6213f6ffb0477c0571622ef617685f77f94308cbfc969e35b05f11ec"
  }
}